{
  "name": "easyhard-debug",
  "version": "0.1.0",
  "lockfileVersion": 2,
  "requires": true,
  "packages": {
    "": {
      "name": "easyhard-debug",
      "version": "0.1.0",
      "dependencies": {
        "fast-safe-stringify": "^2.1.1"
      },
      "peerDependencies": {
        "easyhard-common": "^0.3.0",
        "rxjs": ">= 6.x <=7.x"
      }
    },
    "node_modules/easyhard-common": {
      "version": "0.3.0",
      "resolved": "https://registry.npmjs.org/easyhard-common/-/easyhard-common-0.3.0.tgz",
      "integrity": "sha512-Dfzf4iYrfLkW4BbRRE6wwxOcDxeNuXi9L3Aqa/hfWKumds0/018D8i8f1DrBl1dJqbpRR10ScrVXFp7vGP2WpQ==",
      "peer": true,
      "peerDependencies": {
        "rxjs": ">= 6.x <=7.x"
      }
    },
    "node_modules/fast-safe-stringify": {
      "version": "2.1.1",
      "resolved": "https://registry.npmjs.org/fast-safe-stringify/-/fast-safe-stringify-2.1.1.tgz",
      "integrity": "sha512-W+KJc2dmILlPplD/H4K9l9LcAHAfPtP6BY84uVLXQ6Evcz9Lcg33Y2z1IVblT6xdY54PXYVHEv+0Wpq8Io6zkA=="
    },
    "node_modules/rxjs": {
      "version": "7.5.5",
      "resolved": "https://registry.npmjs.org/rxjs/-/rxjs-7.5.5.tgz",
      "integrity": "sha512-sy+H0pQofO95VDmFLzyaw9xNJU4KTRSwQIGM6+iG3SypAtCiLDzpeG8sJrNCWn2Up9km+KhkvTdbkrdy+yzZdw==",
      "peer": true,
      "dependencies": {
        "tslib": "^2.1.0"
      }
    },
    "node_modules/tslib": {
      "version": "2.4.0",
      "resolved": "https://registry.npmjs.org/tslib/-/tslib-2.4.0.tgz",
      "integrity": "sha512-d6xOpEDfsi2CZVlPQzGeux8XMwLT9hssAsaPYExaQMuYskwb+x1x7J371tWlbBdWHroy99KnVB6qIkUbs5X3UQ==",
      "peer": true
    }
  },
  "dependencies": {
    "easyhard-common": {
      "version": "0.3.0",
      "resolved": "https://registry.npmjs.org/easyhard-common/-/easyhard-common-0.3.0.tgz",
      "integrity": "sha512-Dfzf4iYrfLkW4BbRRE6wwxOcDxeNuXi9L3Aqa/hfWKumds0/018D8i8f1DrBl1dJqbpRR10ScrVXFp7vGP2WpQ==",
      "peer": true,
      "requires": {}
    },
    "fast-safe-stringify": {
      "version": "2.1.1",
      "resolved": "https://registry.npmjs.org/fast-safe-stringify/-/fast-safe-stringify-2.1.1.tgz",
      "integrity": "sha512-W+KJc2dmILlPplD/H4K9l9LcAHAfPtP6BY84uVLXQ6Evcz9Lcg33Y2z1IVblT6xdY54PXYVHEv+0Wpq8Io6zkA=="
    },
    "rxjs": {
      "version": "7.5.5",
      "resolved": "https://registry.npmjs.org/rxjs/-/rxjs-7.5.5.tgz",
      "integrity": "sha512-sy+H0pQofO95VDmFLzyaw9xNJU4KTRSwQIGM6+iG3SypAtCiLDzpeG8sJrNCWn2Up9km+KhkvTdbkrdy+yzZdw==",
      "peer": true,
      "requires": {
        "tslib": "^2.1.0"
      }
    },
    "tslib": {
      "version": "2.4.0",
      "resolved": "https://registry.npmjs.org/tslib/-/tslib-2.4.0.tgz",
      "integrity": "sha512-d6xOpEDfsi2CZVlPQzGeux8XMwLT9hssAsaPYExaQMuYskwb+x1x7J371tWlbBdWHroy99KnVB6qIkUbs5X3UQ==",
      "peer": true
    }
  }
}
