{
  "name": "easyhard-server-uws",
  "version": "0.1.0",
  "lockfileVersion": 1,
  "requires": true,
  "dependencies": {
    "uWebSockets.js": {
      "version": "github:uNetworking/uWebSockets.js#4558ee00f9f1f686fffe1accbfc2e85b1af9c50f",
      "from": "github:uNetworking/uWebSockets.js#v20.0.0"
    }
  }
}
