{
  "name": "easyhard",
  "version": "0.8.1",
  "lockfileVersion": 2,
  "requires": true,
  "packages": {
    "": {
      "name": "easyhard",
      "version": "0.8.1",
      "peerDependencies": {
        "easyhard-common": "^0.2.0",
        "rxjs": ">= 6.x <=7.x",
        "rxjs-compat": "^6.5.3"
      }
    }
  }
}
