{
  "name": "easyhard-server",
  "version": "0.6.2",
  "lockfileVersion": 2,
  "requires": true,
  "packages": {
    "": {
      "name": "easyhard-server",
      "version": "0.6.2",
      "peerDependencies": {
        "cookie": "0.4.1",
        "easyhard-bridge": "^0.2.4-rc1",
        "easyhard-common": "^0.3.0",
        "rxjs": ">= 6.x <=7.x"
      }
    }
  }
}
